
Microsoft Visual Studio Solution File, Format Version 12.00
# Visual Studio Version 17
VisualStudioVersion = 17.8.34511.84
MinimumVisualStudioVersion = 10.0.40219.1
Project("{FAE04EC0-301F-11D3-BF4B-00C04F79EFBC}") = "ExcelApp", "ExcelApp.csproj", "{0447ACB0-DCBD-4AC4-B424-FAA7F40B9B87}"
EndProject
Global
	GlobalSection(SolutionConfigurationPlatforms) = preSolution
		Debug|Any CPU = Debug|Any CPU
		Release|Any CPU = Release|Any CPU
	EndGlobalSection
	GlobalSection(ProjectConfigurationPlatforms) = postSolution
		{0447ACB0-DCBD-4AC4-B424-FAA7F40B9B87}.Debug|Any CPU.ActiveCfg = Debug|Any CPU
		{0447ACB0-DCBD-4AC4-B424-FAA7F40B9B87}.Debug|Any CPU.Build.0 = Debug|Any CPU
		{0447ACB0-DCBD-4AC4-B424-FAA7F40B9B87}.Release|Any CPU.ActiveCfg = Release|Any CPU
		{0447ACB0-DCBD-4AC4-B424-FAA7F40B9B87}.Release|Any CPU.Build.0 = Release|Any CPU
	EndGlobalSection
	GlobalSection(SolutionProperties) = preSolution
		HideSolutionNode = FALSE
	EndGlobalSection
	GlobalSection(ExtensibilityGlobals) = postSolution
		SolutionGuid = {ECE6714F-CE09-4214-9D56-4A0414EA7795}
	EndGlobalSection
EndGlobal
